
Microsoft Visual Studio Solution File, Format Version 12.00
# Visual Studio Version 17
VisualStudioVersion = 17.5.33516.290
MinimumVisualStudioVersion = 10.0.40219.1
Project("{FAE04EC0-301F-11D3-BF4B-00C04F79EFBC}") = "ejemploherencia", "ejemploherencia\ejemploherencia.csproj", "{B7848E6D-FBFA-45A0-B171-97958925FD11}"
EndProject
Project("{FAE04EC0-301F-11D3-BF4B-00C04F79EFBC}") = "Ejemploherencia2", "Ejemploherencia2\Ejemploherencia2.csproj", "{8DF71B32-B38B-4C7A-AC34-FED8517D432E}"
EndProject
Project("{FAE04EC0-301F-11D3-BF4B-00C04F79EFBC}") = "Ejemploherencia3", "Ejemploherencia3\Ejemploherencia3.csproj", "{7ABEB607-CD3A-4EF8-9BD0-68D483A8FD14}"
EndProject
Global
	GlobalSection(SolutionConfigurationPlatforms) = preSolution
		Debug|Any CPU = Debug|Any CPU
		Release|Any CPU = Release|Any CPU
	EndGlobalSection
	GlobalSection(ProjectConfigurationPlatforms) = postSolution
		{B7848E6D-FBFA-45A0-B171-97958925FD11}.Debug|Any CPU.ActiveCfg = Debug|Any CPU
		{B7848E6D-FBFA-45A0-B171-97958925FD11}.Debug|Any CPU.Build.0 = Debug|Any CPU
		{B7848E6D-FBFA-45A0-B171-97958925FD11}.Release|Any CPU.ActiveCfg = Release|Any CPU
		{B7848E6D-FBFA-45A0-B171-97958925FD11}.Release|Any CPU.Build.0 = Release|Any CPU
		{8DF71B32-B38B-4C7A-AC34-FED8517D432E}.Debug|Any CPU.ActiveCfg = Debug|Any CPU
		{8DF71B32-B38B-4C7A-AC34-FED8517D432E}.Debug|Any CPU.Build.0 = Debug|Any CPU
		{8DF71B32-B38B-4C7A-AC34-FED8517D432E}.Release|Any CPU.ActiveCfg = Release|Any CPU
		{8DF71B32-B38B-4C7A-AC34-FED8517D432E}.Release|Any CPU.Build.0 = Release|Any CPU
		{7ABEB607-CD3A-4EF8-9BD0-68D483A8FD14}.Debug|Any CPU.ActiveCfg = Debug|Any CPU
		{7ABEB607-CD3A-4EF8-9BD0-68D483A8FD14}.Debug|Any CPU.Build.0 = Debug|Any CPU
		{7ABEB607-CD3A-4EF8-9BD0-68D483A8FD14}.Release|Any CPU.ActiveCfg = Release|Any CPU
		{7ABEB607-CD3A-4EF8-9BD0-68D483A8FD14}.Release|Any CPU.Build.0 = Release|Any CPU
	EndGlobalSection
	GlobalSection(SolutionProperties) = preSolution
		HideSolutionNode = FALSE
	EndGlobalSection
	GlobalSection(ExtensibilityGlobals) = postSolution
		SolutionGuid = {EA268306-CF4F-4055-A9DD-4B3B31F8C5EE}
	EndGlobalSection
EndGlobal
